
Microsoft Visual Studio Solution File, Format Version 12.00
# Visual Studio Version 16
VisualStudioVersion = 16.0.31605.320
MinimumVisualStudioVersion = 10.0.40219.1
Project("{FAE04EC0-301F-11D3-BF4B-00C04F79EFBC}") = "Tipsy.WebAPI", "Tipsy.WebAPI\Tipsy.WebAPI.csproj", "{2A63013B-4C8C-4CFC-9D51-551F5D0FA0D4}"
EndProject
Global
	GlobalSection(SolutionConfigurationPlatforms) = preSolution
		Debug|Any CPU = Debug|Any CPU
		Release|Any CPU = Release|Any CPU
	EndGlobalSection
	GlobalSection(ProjectConfigurationPlatforms) = postSolution
		{2A63013B-4C8C-4CFC-9D51-551F5D0FA0D4}.Debug|Any CPU.ActiveCfg = Debug|Any CPU
		{2A63013B-4C8C-4CFC-9D51-551F5D0FA0D4}.Debug|Any CPU.Build.0 = Debug|Any CPU
		{2A63013B-4C8C-4CFC-9D51-551F5D0FA0D4}.Release|Any CPU.ActiveCfg = Release|Any CPU
		{2A63013B-4C8C-4CFC-9D51-551F5D0FA0D4}.Release|Any CPU.Build.0 = Release|Any CPU
	EndGlobalSection
	GlobalSection(SolutionProperties) = preSolution
		HideSolutionNode = FALSE
	EndGlobalSection
	GlobalSection(ExtensibilityGlobals) = postSolution
		SolutionGuid = {A64CFBF7-8A05-481C-9E50-3669F05C0CF0}
	EndGlobalSection
EndGlobal
